<Solution>
  <Folder Name="/Maiar/" />
  <Folder Name="/Maiar/Dapper/">
    <Project Path="Maiar/Maiar.Dapper.Abstraction/Maiar.Dapper.Abstraction.csproj" />
    <Project Path="Maiar/Maiar.Dapper/Maiar.Dapper.csproj" />
  </Folder>
  <Folder Name="/Maiar/FluentValidator/">
    <Project Path="Maiar/Maiar.FluentValidator.Abstraction/Maiar.FluentValidator.Abstraction.csproj" Id="784542b5-741c-4832-bfc7-b4d253c63848" />
    <Project Path="Maiar/Maiar.FluentValidator/Maiar.FluentValidator.csproj" Id="42647a81-7767-468e-859e-9b5ec74380e3" />
  </Folder>
  <Folder Name="/Maiar/Resulting/">
    <Project Path="Maiar/Maiar.Resulting.Abstraction/Maiar.Resulting.Abstraction.csproj" Id="24f6aae9-f954-43c6-bbc9-92d3da0c788a" />
    <Project Path="Maiar/Maiar.Resulting.UnitTests/Maiar.Resulting.UnitTests.csproj" Id="5aa20232-a2bb-46c1-bed6-745378cb0cb8" />
    <Project Path="Maiar/Maiar.Resulting/Maiar.Resulting.csproj" Id="ef3c6352-954a-4d07-9ee4-dd5993de8a9b" />
  </Folder>
  <Folder Name="/Palantir/">
    <Project Path="Palantir/Palantir.AppHost/Palantir.AppHost.csproj" />
    <Project Path="Palantir/Palantir.ServiceDefaults/Palantir.ServiceDefaults.csproj" />
  </Folder>
  <Folder Name="/Sauron/">
    <Project Path="Sauron/Sauron.Abstraction/Sauron.Abstraction.csproj" />
    <Project Path="Sauron/Sauron.Application.Abstraction/Sauron.Application.Abstraction.csproj" />
    <Project Path="Sauron/Sauron.Application/Sauron.Application.csproj" />
    <Project Path="Sauron/Sauron.DbMigrator.DbUp/Sauron.DbMigrator.DbUp.csproj" />
    <Project Path="Sauron/Sauron.DbMigrator.EfCore/Sauron.DbMigrator.EfCore.csproj" />
    <Project Path="Sauron/Sauron.Domain.EfCore/Sauron.Domain.EfCore.csproj" />
    <Project Path="Sauron/Sauron.Domain/Sauron.Domain.csproj" />
    <Project Path="Sauron/Sauron.IdentityWebApp/Sauron.IdentityWebApp.csproj" />
  </Folder>
  <Folder Name="/Solution Items/">
    <File Path="Directory.Packages.props" />
  </Folder>
</Solution>
