<Solution>
  <Folder Name="/Maiar/" />
  <Folder Name="/Maiar/Dapper/">
    <Project Path="Maiar/Maiar.Dapper.Abstraction/Maiar.Dapper.Abstraction.csproj" />
    <Project Path="Maiar/Maiar.Dapper/Maiar.Dapper.csproj" />
  </Folder>
  <Folder Name="/Palantir/">
    <Project Path="Palantir/Palantir.AppHost/Palantir.AppHost.csproj" />
    <Project Path="Palantir/Palantir.ServiceDefaults/Palantir.ServiceDefaults.csproj" />
  </Folder>
  <Folder Name="/Sauron/">
    <Project Path="Sauron/Sauron.Abstraction/Sauron.Abstraction.csproj" />
    <Project Path="Sauron/Sauron.Application.Abstraction/Sauron.Application.Abstraction.csproj" />
    <Project Path="Sauron/Sauron.Application/Sauron.Application.csproj" />
    <Project Path="Sauron/Sauron.DbMigrator.DbUp/Sauron.DbMigrator.DbUp.csproj" />
    <Project Path="Sauron/Sauron.DbMigrator.EfCore/Sauron.DbMigrator.EfCore.csproj" />
    <Project Path="Sauron/Sauron.Domain.EfCore/Sauron.Domain.EfCore.csproj" />
    <Project Path="Sauron/Sauron.Domain/Sauron.Domain.csproj" />
    <Project Path="Sauron/Sauron.IdentityWebApp/Sauron.IdentityWebApp.csproj" />
  </Folder>
  <Folder Name="/Solution Items/">
    <File Path="Directory.Packages.props" />
  </Folder>
</Solution>
